
Microsoft Visual Studio Solution File, Format Version 12.00
# Visual Studio Version 17
VisualStudioVersion = 17.8.34330.188
MinimumVisualStudioVersion = 10.0.40219.1
Project("{FAE04EC0-301F-11D3-BF4B-00C04F79EFBC}") = "Valida", "Valida\Valida.csproj", "{655932BA-B2E5-444F-B003-749B5CCC5D12}"
EndProject
Global
	GlobalSection(SolutionConfigurationPlatforms) = preSolution
		Debug|Any CPU = Debug|Any CPU
		Release|Any CPU = Release|Any CPU
	EndGlobalSection
	GlobalSection(ProjectConfigurationPlatforms) = postSolution
		{655932BA-B2E5-444F-B003-749B5CCC5D12}.Debug|Any CPU.ActiveCfg = Debug|Any CPU
		{655932BA-B2E5-444F-B003-749B5CCC5D12}.Debug|Any CPU.Build.0 = Debug|Any CPU
		{655932BA-B2E5-444F-B003-749B5CCC5D12}.Release|Any CPU.ActiveCfg = Release|Any CPU
		{655932BA-B2E5-444F-B003-749B5CCC5D12}.Release|Any CPU.Build.0 = Release|Any CPU
	EndGlobalSection
	GlobalSection(SolutionProperties) = preSolution
		HideSolutionNode = FALSE
	EndGlobalSection
	GlobalSection(ExtensibilityGlobals) = postSolution
		SolutionGuid = {69A2B55A-4D0C-4603-9BD6-3F7843393417}
	EndGlobalSection
EndGlobal
